
Microsoft Visual Studio Solution File, Format Version 12.00
# Visual Studio 15
VisualStudioVersion = 15.0.28307.102
MinimumVisualStudioVersion = 10.0.40219.1
Project("{FAE04EC0-301F-11D3-BF4B-00C04F79EFBC}") = "Calc for median", "Calc for median.csproj", "{E77009AB-9AB0-45F9-AF62-2BD3F245391A}"
EndProject
Global
	GlobalSection(SolutionConfigurationPlatforms) = preSolution
		Debug|Any CPU = Debug|Any CPU
		Release|Any CPU = Release|Any CPU
	EndGlobalSection
	GlobalSection(ProjectConfigurationPlatforms) = postSolution
		{E77009AB-9AB0-45F9-AF62-2BD3F245391A}.Debug|Any CPU.ActiveCfg = Debug|Any CPU
		{E77009AB-9AB0-45F9-AF62-2BD3F245391A}.Debug|Any CPU.Build.0 = Debug|Any CPU
		{E77009AB-9AB0-45F9-AF62-2BD3F245391A}.Release|Any CPU.ActiveCfg = Release|Any CPU
		{E77009AB-9AB0-45F9-AF62-2BD3F245391A}.Release|Any CPU.Build.0 = Release|Any CPU
	EndGlobalSection
	GlobalSection(SolutionProperties) = preSolution
		HideSolutionNode = FALSE
	EndGlobalSection
	GlobalSection(ExtensibilityGlobals) = postSolution
		SolutionGuid = {B396770F-A5EB-4B60-8EA1-CD9AC0A3F8AF}
	EndGlobalSection
EndGlobal
