
Microsoft Visual Studio Solution File, Format Version 12.00
# Visual Studio 15
VisualStudioVersion = 15.0.28307.102
MinimumVisualStudioVersion = 10.0.40219.1
Project("{FAE04EC0-301F-11D3-BF4B-00C04F79EFBC}") = "lab7", "lab7.csproj", "{DCEE57CE-FC4C-4B7C-AEF8-F369625ED133}"
EndProject
Global
	GlobalSection(SolutionConfigurationPlatforms) = preSolution
		Debug|Any CPU = Debug|Any CPU
		Release|Any CPU = Release|Any CPU
	EndGlobalSection
	GlobalSection(ProjectConfigurationPlatforms) = postSolution
		{DCEE57CE-FC4C-4B7C-AEF8-F369625ED133}.Debug|Any CPU.ActiveCfg = Debug|Any CPU
		{DCEE57CE-FC4C-4B7C-AEF8-F369625ED133}.Debug|Any CPU.Build.0 = Debug|Any CPU
		{DCEE57CE-FC4C-4B7C-AEF8-F369625ED133}.Release|Any CPU.ActiveCfg = Release|Any CPU
		{DCEE57CE-FC4C-4B7C-AEF8-F369625ED133}.Release|Any CPU.Build.0 = Release|Any CPU
	EndGlobalSection
	GlobalSection(SolutionProperties) = preSolution
		HideSolutionNode = FALSE
	EndGlobalSection
	GlobalSection(ExtensibilityGlobals) = postSolution
		SolutionGuid = {1D60330E-2EEA-4D03-8ECF-60A92B02D78E}
	EndGlobalSection
EndGlobal
